{
  "name": "react-sns",
  "version": "1.0.0",
  "lockfileVersion": 3,
  "requires": true,
  "packages": {
    "": {
      "name": "react-sns",
      "version": "1.0.0",
      "license": "ISC",
      "dependencies": {
        "workspace": "^0.0.1-preview.1"
      }
    },
    "node_modules/workspace": {
      "version": "0.0.1-preview.1",
      "resolved": "https://registry.npmjs.org/workspace/-/workspace-0.0.1-preview.1.tgz",
      "integrity": "sha512-oPpEvU7NIQ0MW7ReL+EigMUI2JPNp05kmqzWS6zXVUaSq5KxuQzfgxGd8wuurBulBkTaOnEcGge+2rriyDVHkw=="
    }
  }
}
